// !$*UTF8*$!
{
	archiveVersion = 1;
	classes = {
	};
	objectVersion = 50;
	objects = {

/* Begin PBXBuildFile section */
		81B8187DC2B2FB41366BE0D2 /* libPods-LearningCodes.a in Frameworks */ = {isa = PBXBuildFile; fileRef = 0696EB758946CFF15B9F4756 /* libPods-LearningCodes.a */; };
		EA0C8CDA2531A43900D0F8DF /* test.html in Resources */ = {isa = PBXBuildFile; fileRef = EA0C8CD92531A43900D0F8DF /* test.html */; };
		EA10BCC722F2C8040078EE4D /* BasicTestViewController.m in Sources */ = {isa = PBXBuildFile; fileRef = EA10BCC622F2C8040078EE4D /* BasicTestViewController.m */; };
		EA10BCCC22F6DA850078EE4D /* AddingCellTestViewController.m in Sources */ = {isa = PBXBuildFile; fileRef = EA10BCCB22F6DA850078EE4D /* AddingCellTestViewController.m */; };
		EA20E5FD2552815700AF46D7 /* rgba.txt in Resources */ = {isa = PBXBuildFile; fileRef = EA20E5FC2552815700AF46D7 /* rgba.txt */; };
		EA2DD46F230F91D00078C11F /* JMTableViewController.m in Sources */ = {isa = PBXBuildFile; fileRef = EA2DD46E230F91D00078C11F /* JMTableViewController.m */; };
		EA2DD473230FD64D0078C11F /* NSArray+JMSubArray.m in Sources */ = {isa = PBXBuildFile; fileRef = EA2DD472230FD64D0078C11F /* NSArray+JMSubArray.m */; };
		EA2DD476230FDA3F0078C11F /* JMTableViewCell.m in Sources */ = {isa = PBXBuildFile; fileRef = EA2DD475230FDA3F0078C11F /* JMTableViewCell.m */; };
		EA2E0F5424FBB60F00240F5E /* DynamicCellHeightViewController.m in Sources */ = {isa = PBXBuildFile; fileRef = EA2E0F5324FBB60F00240F5E /* DynamicCellHeightViewController.m */; };
		EA2E0F582500E15500240F5E /* DynamicCellHeightTableViewCell.m in Sources */ = {isa = PBXBuildFile; fileRef = EA2E0F562500E15500240F5E /* DynamicCellHeightTableViewCell.m */; };
		EA2E0F592500E15500240F5E /* DynamicCellHeightTableViewCell.xib in Resources */ = {isa = PBXBuildFile; fileRef = EA2E0F572500E15500240F5E /* DynamicCellHeightTableViewCell.xib */; };
		EA6E6B6225072C040039A8A6 /* TableViewTestViewController.m in Sources */ = {isa = PBXBuildFile; fileRef = EA6E6B6125072C040039A8A6 /* TableViewTestViewController.m */; };
		EA6E6B72250764100039A8A6 /* JMImageDownloader.m in Sources */ = {isa = PBXBuildFile; fileRef = EA6E6B6F250764100039A8A6 /* JMImageDownloader.m */; };
		EA6E6B73250764100039A8A6 /* JMImageCache.m in Sources */ = {isa = PBXBuildFile; fileRef = EA6E6B70250764100039A8A6 /* JMImageCache.m */; };
		EA6E6B7B250914BE0039A8A6 /* teacher.txt in Resources */ = {isa = PBXBuildFile; fileRef = EA6E6B7A250914BD0039A8A6 /* teacher.txt */; };
		EA6E6B7F25093B470039A8A6 /* DynamicTableViewController.m in Sources */ = {isa = PBXBuildFile; fileRef = EA6E6B7E25093B470039A8A6 /* DynamicTableViewController.m */; };
		EA864A70255B91C90068F1C8 /* TransitionViewController.m in Sources */ = {isa = PBXBuildFile; fileRef = EA864A6F255B91C90068F1C8 /* TransitionViewController.m */; };
		EA864A92255BC0740068F1C8 /* TLScrollView.m in Sources */ = {isa = PBXBuildFile; fileRef = EA864A91255BC0740068F1C8 /* TLScrollView.m */; };
		EA864A9C255E68DF0068F1C8 /* TouchTestViewController.m in Sources */ = {isa = PBXBuildFile; fileRef = EA864A9B255E68DF0068F1C8 /* TouchTestViewController.m */; };
		EA864AA5255E690C0068F1C8 /* TLViewA.m in Sources */ = {isa = PBXBuildFile; fileRef = EA864AA4255E690C0068F1C8 /* TLViewA.m */; };
		EA864AAB255E69480068F1C8 /* TLViewB.m in Sources */ = {isa = PBXBuildFile; fileRef = EA864AAA255E69480068F1C8 /* TLViewB.m */; };
		EA8BDAD32387CC3F00C6CAC4 /* NSURL+param.m in Sources */ = {isa = PBXBuildFile; fileRef = EA8BDAD22387CC3F00C6CAC4 /* NSURL+param.m */; };
		EA8BDADC238E59C200C6CAC4 /* 1573592711.ts in Resources */ = {isa = PBXBuildFile; fileRef = EA8BDADB238E59C200C6CAC4 /* 1573592711.ts */; };
		EA8BDAF12390E1A600C6CAC4 /* 190204084208765161.mp4 in Resources */ = {isa = PBXBuildFile; fileRef = EA8BDAF02390E1A600C6CAC4 /* 190204084208765161.mp4 */; };
		EA8CE6FF22C5A4E400E24324 /* AppDelegate.m in Sources */ = {isa = PBXBuildFile; fileRef = EA8CE6FE22C5A4E400E24324 /* AppDelegate.m */; };
		EA8CE70522C5A4E400E24324 /* Main.storyboard in Resources */ = {isa = PBXBuildFile; fileRef = EA8CE70322C5A4E400E24324 /* Main.storyboard */; };
		EA8CE70722C5A4E600E24324 /* Assets.xcassets in Resources */ = {isa = PBXBuildFile; fileRef = EA8CE70622C5A4E600E24324 /* Assets.xcassets */; };
		EA8CE70A22C5A4E600E24324 /* LaunchScreen.storyboard in Resources */ = {isa = PBXBuildFile; fileRef = EA8CE70822C5A4E600E24324 /* LaunchScreen.storyboard */; };
		EA8CE70D22C5A4E600E24324 /* main.m in Sources */ = {isa = PBXBuildFile; fileRef = EA8CE70C22C5A4E600E24324 /* main.m */; };
		EA8CE71722C5A4E600E24324 /* LearningCodesTests.m in Sources */ = {isa = PBXBuildFile; fileRef = EA8CE71622C5A4E600E24324 /* LearningCodesTests.m */; };
		EA8CE72222C5A4E600E24324 /* LearningCodesUITests.m in Sources */ = {isa = PBXBuildFile; fileRef = EA8CE72122C5A4E600E24324 /* LearningCodesUITests.m */; };
		EA8CE73122C5A57900E24324 /* MainTableViewController.m in Sources */ = {isa = PBXBuildFile; fileRef = EA8CE73022C5A57900E24324 /* MainTableViewController.m */; };
		EA8CE73922C5A67800E24324 /* JMNavigationController.m in Sources */ = {isa = PBXBuildFile; fileRef = EA8CE73722C5A67800E24324 /* JMNavigationController.m */; };
		EA8CE73D22D85E8500E24324 /* RunLoopTestViewController.m in Sources */ = {isa = PBXBuildFile; fileRef = EA8CE73C22D85E8500E24324 /* RunLoopTestViewController.m */; };
		EA9944FB233C859A00CC555B /* DownloaderViewController.m in Sources */ = {isa = PBXBuildFile; fileRef = EA9944FA233C859A00CC555B /* DownloaderViewController.m */; };
		EAC4B8D125360B5500D79A5A /* LearningHTML.html in Resources */ = {isa = PBXBuildFile; fileRef = EAC4B8D025360B5500D79A5A /* LearningHTML.html */; };
		EAC4B8D625360BDD00D79A5A /* style.css in Resources */ = {isa = PBXBuildFile; fileRef = EAC4B8D525360BDD00D79A5A /* style.css */; };
		EAC4B8DB25360C2900D79A5A /* HTMLBody in Resources */ = {isa = PBXBuildFile; fileRef = EAC4B8DA25360C2900D79A5A /* HTMLBody */; };
		EAC4B8E2254BDDEE00D79A5A /* TLCollectionViewController.m in Sources */ = {isa = PBXBuildFile; fileRef = EAC4B8E1254BDDEE00D79A5A /* TLCollectionViewController.m */; };
		EAC4B8EB254BE96D00D79A5A /* TLFlowLayout.m in Sources */ = {isa = PBXBuildFile; fileRef = EAC4B8EA254BE96D00D79A5A /* TLFlowLayout.m */; };
		EAC62E282566510500A7A3A2 /* TransitonFirstViewController.m in Sources */ = {isa = PBXBuildFile; fileRef = EAC62E272566510400A7A3A2 /* TransitonFirstViewController.m */; };
		EAC62E2E2566560100A7A3A2 /* TLTransitionAnimator.m in Sources */ = {isa = PBXBuildFile; fileRef = EAC62E2D2566560100A7A3A2 /* TLTransitionAnimator.m */; };
		EAC62E352567A26C00A7A3A2 /* TransitionSecondViewController.m in Sources */ = {isa = PBXBuildFile; fileRef = EAC62E342567A26C00A7A3A2 /* TransitionSecondViewController.m */; };
		EAC62E3B2567A50500A7A3A2 /* TLTransitioningDelegate.m in Sources */ = {isa = PBXBuildFile; fileRef = EAC62E3A2567A50500A7A3A2 /* TLTransitioningDelegate.m */; };
		EAC62E412567BB3200A7A3A2 /* TLSwipeTransitionAnimator.m in Sources */ = {isa = PBXBuildFile; fileRef = EAC62E402567BB3200A7A3A2 /* TLSwipeTransitionAnimator.m */; };
		EAC62E4A2567C51C00A7A3A2 /* TLSwipeTransitionInteractionController.m in Sources */ = {isa = PBXBuildFile; fileRef = EAC62E492567C51C00A7A3A2 /* TLSwipeTransitionInteractionController.m */; };
		EAD65B5022DCBD5600911886 /* JMLagMonitor.m in Sources */ = {isa = PBXBuildFile; fileRef = EAD65B4F22DCBD5600911886 /* JMLagMonitor.m */; };
		EAD65B5422DCD50100911886 /* GCDTestViewController.m in Sources */ = {isa = PBXBuildFile; fileRef = EAD65B5322DCD50100911886 /* GCDTestViewController.m */; };
		EAD65B5722DCD64800911886 /* SerialTest.m in Sources */ = {isa = PBXBuildFile; fileRef = EAD65B5622DCD64800911886 /* SerialTest.m */; };
		EAD65B5A22DCD87E00911886 /* SerialTest+SerialEnsure.m in Sources */ = {isa = PBXBuildFile; fileRef = EAD65B5922DCD87E00911886 /* SerialTest+SerialEnsure.m */; };
		EAD65B5E22E750E600911886 /* JSViewController.m in Sources */ = {isa = PBXBuildFile; fileRef = EAD65B5D22E750E600911886 /* JSViewController.m */; };
		EADEDA46251C6BF4004A5B51 /* LocalWebViewController.m in Sources */ = {isa = PBXBuildFile; fileRef = EADEDA45251C6BF4004A5B51 /* LocalWebViewController.m */; };
		EADEDA48251C6FB0004A5B51 /* WebKit.framework in Frameworks */ = {isa = PBXBuildFile; fileRef = EADEDA47251C6FB0004A5B51 /* WebKit.framework */; };
		EADEDA4A251C76BA004A5B51 /* localHTML.css in Resources */ = {isa = PBXBuildFile; fileRef = EADEDA49251C76BA004A5B51 /* localHTML.css */; };
		EAF1001B24ED67B700FFD016 /* TTTextTestViewController.m in Sources */ = {isa = PBXBuildFile; fileRef = EAF1001A24ED67B700FFD016 /* TTTextTestViewController.m */; };
/* End PBXBuildFile section */

/* Begin PBXContainerItemProxy section */
		EA8CE71322C5A4E600E24324 /* PBXContainerItemProxy */ = {
			isa = PBXContainerItemProxy;
			containerPortal = EA8CE6F222C5A4E400E24324 /* Project object */;
			proxyType = 1;
			remoteGlobalIDString = EA8CE6F922C5A4E400E24324;
			remoteInfo = LearningCodes;
		};
		EA8CE71E22C5A4E600E24324 /* PBXContainerItemProxy */ = {
			isa = PBXContainerItemProxy;
			containerPortal = EA8CE6F222C5A4E400E24324 /* Project object */;
			proxyType = 1;
			remoteGlobalIDString = EA8CE6F922C5A4E400E24324;
			remoteInfo = LearningCodes;
		};
/* End PBXContainerItemProxy section */

/* Begin PBXFileReference section */
		0696EB758946CFF15B9F4756 /* libPods-LearningCodes.a */ = {isa = PBXFileReference; explicitFileType = archive.ar; includeInIndex = 0; path = "libPods-LearningCodes.a"; sourceTree = BUILT_PRODUCTS_DIR; };
		D3FA0042FF3154047FB2F061 /* Pods-LearningCodes.debug.xcconfig */ = {isa = PBXFileReference; includeInIndex = 1; lastKnownFileType = text.xcconfig; name = "Pods-LearningCodes.debug.xcconfig"; path = "Target Support Files/Pods-LearningCodes/Pods-LearningCodes.debug.xcconfig"; sourceTree = "<group>"; };
		D799829DCD6761AD2688E8AF /* Pods-LearningCodes.release.xcconfig */ = {isa = PBXFileReference; includeInIndex = 1; lastKnownFileType = text.xcconfig; name = "Pods-LearningCodes.release.xcconfig"; path = "Target Support Files/Pods-LearningCodes/Pods-LearningCodes.release.xcconfig"; sourceTree = "<group>"; };
		EA0C8CD92531A43900D0F8DF /* test.html */ = {isa = PBXFileReference; fileEncoding = 4; lastKnownFileType = text.html; path = test.html; sourceTree = "<group>"; };
		EA10BCC522F2C8040078EE4D /* BasicTestViewController.h */ = {isa = PBXFileReference; lastKnownFileType = sourcecode.c.h; path = BasicTestViewController.h; sourceTree = "<group>"; };
		EA10BCC622F2C8040078EE4D /* BasicTestViewController.m */ = {isa = PBXFileReference; lastKnownFileType = sourcecode.c.objc; path = BasicTestViewController.m; sourceTree = "<group>"; };
		EA10BCCA22F6DA850078EE4D /* AddingCellTestViewController.h */ = {isa = PBXFileReference; lastKnownFileType = sourcecode.c.h; path = AddingCellTestViewController.h; sourceTree = "<group>"; };
		EA10BCCB22F6DA850078EE4D /* AddingCellTestViewController.m */ = {isa = PBXFileReference; lastKnownFileType = sourcecode.c.objc; path = AddingCellTestViewController.m; sourceTree = "<group>"; };
		EA20E5FC2552815700AF46D7 /* rgba.txt */ = {isa = PBXFileReference; fileEncoding = 4; lastKnownFileType = text; path = rgba.txt; sourceTree = "<group>"; };
		EA2DD46D230F91D00078C11F /* JMTableViewController.h */ = {isa = PBXFileReference; lastKnownFileType = sourcecode.c.h; path = JMTableViewController.h; sourceTree = "<group>"; };
		EA2DD46E230F91D00078C11F /* JMTableViewController.m */ = {isa = PBXFileReference; lastKnownFileType = sourcecode.c.objc; path = JMTableViewController.m; sourceTree = "<group>"; };
		EA2DD471230FD64D0078C11F /* NSArray+JMSubArray.h */ = {isa = PBXFileReference; lastKnownFileType = sourcecode.c.h; path = "NSArray+JMSubArray.h"; sourceTree = "<group>"; };
		EA2DD472230FD64D0078C11F /* NSArray+JMSubArray.m */ = {isa = PBXFileReference; lastKnownFileType = sourcecode.c.objc; path = "NSArray+JMSubArray.m"; sourceTree = "<group>"; };
		EA2DD474230FDA3F0078C11F /* JMTableViewCell.h */ = {isa = PBXFileReference; lastKnownFileType = sourcecode.c.h; path = JMTableViewCell.h; sourceTree = "<group>"; };
		EA2DD475230FDA3F0078C11F /* JMTableViewCell.m */ = {isa = PBXFileReference; lastKnownFileType = sourcecode.c.objc; path = JMTableViewCell.m; sourceTree = "<group>"; };
		EA2E0F5224FBB60F00240F5E /* DynamicCellHeightViewController.h */ = {isa = PBXFileReference; lastKnownFileType = sourcecode.c.h; path = DynamicCellHeightViewController.h; sourceTree = "<group>"; };
		EA2E0F5324FBB60F00240F5E /* DynamicCellHeightViewController.m */ = {isa = PBXFileReference; lastKnownFileType = sourcecode.c.objc; path = DynamicCellHeightViewController.m; sourceTree = "<group>"; };
		EA2E0F552500E15500240F5E /* DynamicCellHeightTableViewCell.h */ = {isa = PBXFileReference; lastKnownFileType = sourcecode.c.h; path = DynamicCellHeightTableViewCell.h; sourceTree = "<group>"; };
		EA2E0F562500E15500240F5E /* DynamicCellHeightTableViewCell.m */ = {isa = PBXFileReference; lastKnownFileType = sourcecode.c.objc; path = DynamicCellHeightTableViewCell.m; sourceTree = "<group>"; };
		EA2E0F572500E15500240F5E /* DynamicCellHeightTableViewCell.xib */ = {isa = PBXFileReference; lastKnownFileType = file.xib; path = DynamicCellHeightTableViewCell.xib; sourceTree = "<group>"; };
		EA6E6B6025072C040039A8A6 /* TableViewTestViewController.h */ = {isa = PBXFileReference; lastKnownFileType = sourcecode.c.h; path = TableViewTestViewController.h; sourceTree = "<group>"; };
		EA6E6B6125072C040039A8A6 /* TableViewTestViewController.m */ = {isa = PBXFileReference; lastKnownFileType = sourcecode.c.objc; path = TableViewTestViewController.m; sourceTree = "<group>"; };
		EA6E6B6E250764100039A8A6 /* JMImageCache.h */ = {isa = PBXFileReference; fileEncoding = 4; lastKnownFileType = sourcecode.c.h; path = JMImageCache.h; sourceTree = "<group>"; };
		EA6E6B6F250764100039A8A6 /* JMImageDownloader.m */ = {isa = PBXFileReference; fileEncoding = 4; lastKnownFileType = sourcecode.c.objc; path = JMImageDownloader.m; sourceTree = "<group>"; };
		EA6E6B70250764100039A8A6 /* JMImageCache.m */ = {isa = PBXFileReference; fileEncoding = 4; lastKnownFileType = sourcecode.c.objc; path = JMImageCache.m; sourceTree = "<group>"; };
		EA6E6B71250764100039A8A6 /* JMImageDownloader.h */ = {isa = PBXFileReference; fileEncoding = 4; lastKnownFileType = sourcecode.c.h; path = JMImageDownloader.h; sourceTree = "<group>"; };
		EA6E6B7A250914BD0039A8A6 /* teacher.txt */ = {isa = PBXFileReference; fileEncoding = 4; lastKnownFileType = text; path = teacher.txt; sourceTree = "<group>"; };
		EA6E6B7D25093B470039A8A6 /* DynamicTableViewController.h */ = {isa = PBXFileReference; lastKnownFileType = sourcecode.c.h; path = DynamicTableViewController.h; sourceTree = "<group>"; };
		EA6E6B7E25093B470039A8A6 /* DynamicTableViewController.m */ = {isa = PBXFileReference; lastKnownFileType = sourcecode.c.objc; path = DynamicTableViewController.m; sourceTree = "<group>"; };
		EA864A6E255B91C90068F1C8 /* TransitionViewController.h */ = {isa = PBXFileReference; lastKnownFileType = sourcecode.c.h; path = TransitionViewController.h; sourceTree = "<group>"; };
		EA864A6F255B91C90068F1C8 /* TransitionViewController.m */ = {isa = PBXFileReference; lastKnownFileType = sourcecode.c.objc; path = TransitionViewController.m; sourceTree = "<group>"; };
		EA864A90255BC0740068F1C8 /* TLScrollView.h */ = {isa = PBXFileReference; lastKnownFileType = sourcecode.c.h; path = TLScrollView.h; sourceTree = "<group>"; };
		EA864A91255BC0740068F1C8 /* TLScrollView.m */ = {isa = PBXFileReference; lastKnownFileType = sourcecode.c.objc; path = TLScrollView.m; sourceTree = "<group>"; };
		EA864A9A255E68DF0068F1C8 /* TouchTestViewController.h */ = {isa = PBXFileReference; lastKnownFileType = sourcecode.c.h; path = TouchTestViewController.h; sourceTree = "<group>"; };
		EA864A9B255E68DF0068F1C8 /* TouchTestViewController.m */ = {isa = PBXFileReference; lastKnownFileType = sourcecode.c.objc; path = TouchTestViewController.m; sourceTree = "<group>"; };
		EA864AA3255E690C0068F1C8 /* TLViewA.h */ = {isa = PBXFileReference; lastKnownFileType = sourcecode.c.h; path = TLViewA.h; sourceTree = "<group>"; };
		EA864AA4255E690C0068F1C8 /* TLViewA.m */ = {isa = PBXFileReference; lastKnownFileType = sourcecode.c.objc; path = TLViewA.m; sourceTree = "<group>"; };
		EA864AA9255E69480068F1C8 /* TLViewB.h */ = {isa = PBXFileReference; lastKnownFileType = sourcecode.c.h; path = TLViewB.h; sourceTree = "<group>"; };
		EA864AAA255E69480068F1C8 /* TLViewB.m */ = {isa = PBXFileReference; lastKnownFileType = sourcecode.c.objc; path = TLViewB.m; sourceTree = "<group>"; };
		EA8BDAD12387CC3F00C6CAC4 /* NSURL+param.h */ = {isa = PBXFileReference; lastKnownFileType = sourcecode.c.h; path = "NSURL+param.h"; sourceTree = "<group>"; };
		EA8BDAD22387CC3F00C6CAC4 /* NSURL+param.m */ = {isa = PBXFileReference; lastKnownFileType = sourcecode.c.objc; path = "NSURL+param.m"; sourceTree = "<group>"; };
		EA8BDADB238E59C200C6CAC4 /* 1573592711.ts */ = {isa = PBXFileReference; lastKnownFileType = file; path = 1573592711.ts; sourceTree = "<group>"; };
		EA8BDAE4238FA32500C6CAC4 /* libiconv.tbd */ = {isa = PBXFileReference; lastKnownFileType = "sourcecode.text-based-dylib-definition"; name = libiconv.tbd; path = usr/lib/libiconv.tbd; sourceTree = SDKROOT; };
		EA8BDAE6238FA33200C6CAC4 /* libbz2.tbd */ = {isa = PBXFileReference; lastKnownFileType = "sourcecode.text-based-dylib-definition"; name = libbz2.tbd; path = usr/lib/libbz2.tbd; sourceTree = SDKROOT; };
		EA8BDAE8238FA34D00C6CAC4 /* libc++.tbd */ = {isa = PBXFileReference; lastKnownFileType = "sourcecode.text-based-dylib-definition"; name = "libc++.tbd"; path = "usr/lib/libc++.tbd"; sourceTree = SDKROOT; };
		EA8BDAEA238FA35700C6CAC4 /* AudioToolbox.framework */ = {isa = PBXFileReference; lastKnownFileType = wrapper.framework; name = AudioToolbox.framework; path = System/Library/Frameworks/AudioToolbox.framework; sourceTree = SDKROOT; };
		EA8BDAF02390E1A600C6CAC4 /* 190204084208765161.mp4 */ = {isa = PBXFileReference; lastKnownFileType = file; path = 190204084208765161.mp4; sourceTree = "<group>"; };
		EA8CE6FA22C5A4E400E24324 /* LearningCodes.app */ = {isa = PBXFileReference; explicitFileType = wrapper.application; includeInIndex = 0; path = LearningCodes.app; sourceTree = BUILT_PRODUCTS_DIR; };
		EA8CE6FD22C5A4E400E24324 /* AppDelegate.h */ = {isa = PBXFileReference; lastKnownFileType = sourcecode.c.h; path = AppDelegate.h; sourceTree = "<group>"; };
		EA8CE6FE22C5A4E400E24324 /* AppDelegate.m */ = {isa = PBXFileReference; lastKnownFileType = sourcecode.c.objc; path = AppDelegate.m; sourceTree = "<group>"; };
		EA8CE70422C5A4E400E24324 /* Base */ = {isa = PBXFileReference; lastKnownFileType = file.storyboard; name = Base; path = Base.lproj/Main.storyboard; sourceTree = "<group>"; };
		EA8CE70622C5A4E600E24324 /* Assets.xcassets */ = {isa = PBXFileReference; lastKnownFileType = folder.assetcatalog; path = Assets.xcassets; sourceTree = "<group>"; };
		EA8CE70922C5A4E600E24324 /* Base */ = {isa = PBXFileReference; lastKnownFileType = file.storyboard; name = Base; path = Base.lproj/LaunchScreen.storyboard; sourceTree = "<group>"; };
		EA8CE70B22C5A4E600E24324 /* Info.plist */ = {isa = PBXFileReference; lastKnownFileType = text.plist.xml; path = Info.plist; sourceTree = "<group>"; };
		EA8CE70C22C5A4E600E24324 /* main.m */ = {isa = PBXFileReference; lastKnownFileType = sourcecode.c.objc; path = main.m; sourceTree = "<group>"; };
		EA8CE71222C5A4E600E24324 /* LearningCodesTests.xctest */ = {isa = PBXFileReference; explicitFileType = wrapper.cfbundle; includeInIndex = 0; path = LearningCodesTests.xctest; sourceTree = BUILT_PRODUCTS_DIR; };
		EA8CE71622C5A4E600E24324 /* LearningCodesTests.m */ = {isa = PBXFileReference; lastKnownFileType = sourcecode.c.objc; path = LearningCodesTests.m; sourceTree = "<group>"; };
		EA8CE71822C5A4E600E24324 /* Info.plist */ = {isa = PBXFileReference; lastKnownFileType = text.plist.xml; path = Info.plist; sourceTree = "<group>"; };
		EA8CE71D22C5A4E600E24324 /* LearningCodesUITests.xctest */ = {isa = PBXFileReference; explicitFileType = wrapper.cfbundle; includeInIndex = 0; path = LearningCodesUITests.xctest; sourceTree = BUILT_PRODUCTS_DIR; };
		EA8CE72122C5A4E600E24324 /* LearningCodesUITests.m */ = {isa = PBXFileReference; lastKnownFileType = sourcecode.c.objc; path = LearningCodesUITests.m; sourceTree = "<group>"; };
		EA8CE72322C5A4E600E24324 /* Info.plist */ = {isa = PBXFileReference; lastKnownFileType = text.plist.xml; path = Info.plist; sourceTree = "<group>"; };
		EA8CE72F22C5A57900E24324 /* MainTableViewController.h */ = {isa = PBXFileReference; lastKnownFileType = sourcecode.c.h; path = MainTableViewController.h; sourceTree = "<group>"; };
		EA8CE73022C5A57900E24324 /* MainTableViewController.m */ = {isa = PBXFileReference; lastKnownFileType = sourcecode.c.objc; path = MainTableViewController.m; sourceTree = "<group>"; };
		EA8CE73622C5A5D900E24324 /* PrefixHeader.pch */ = {isa = PBXFileReference; lastKnownFileType = sourcecode.c.h; path = PrefixHeader.pch; sourceTree = "<group>"; };
		EA8CE73722C5A67800E24324 /* JMNavigationController.m */ = {isa = PBXFileReference; fileEncoding = 4; lastKnownFileType = sourcecode.c.objc; path = JMNavigationController.m; sourceTree = "<group>"; };
		EA8CE73822C5A67800E24324 /* JMNavigationController.h */ = {isa = PBXFileReference; fileEncoding = 4; lastKnownFileType = sourcecode.c.h; path = JMNavigationController.h; sourceTree = "<group>"; };
		EA8CE73B22D85E8500E24324 /* RunLoopTestViewController.h */ = {isa = PBXFileReference; lastKnownFileType = sourcecode.c.h; path = RunLoopTestViewController.h; sourceTree = "<group>"; };
		EA8CE73C22D85E8500E24324 /* RunLoopTestViewController.m */ = {isa = PBXFileReference; lastKnownFileType = sourcecode.c.objc; path = RunLoopTestViewController.m; sourceTree = "<group>"; };
		EA9944F9233C859A00CC555B /* DownloaderViewController.h */ = {isa = PBXFileReference; lastKnownFileType = sourcecode.c.h; path = DownloaderViewController.h; sourceTree = "<group>"; };
		EA9944FA233C859A00CC555B /* DownloaderViewController.m */ = {isa = PBXFileReference; lastKnownFileType = sourcecode.c.objc; path = DownloaderViewController.m; sourceTree = "<group>"; };
		EAC4B8D025360B5500D79A5A /* LearningHTML.html */ = {isa = PBXFileReference; fileEncoding = 4; lastKnownFileType = text.html; path = LearningHTML.html; sourceTree = "<group>"; };
		EAC4B8D525360BDD00D79A5A /* style.css */ = {isa = PBXFileReference; fileEncoding = 4; lastKnownFileType = text.css; path = style.css; sourceTree = "<group>"; };
		EAC4B8DA25360C2900D79A5A /* HTMLBody */ = {isa = PBXFileReference; lastKnownFileType = text; path = HTMLBody; sourceTree = "<group>"; };
		EAC4B8E0254BDDEE00D79A5A /* TLCollectionViewController.h */ = {isa = PBXFileReference; lastKnownFileType = sourcecode.c.h; path = TLCollectionViewController.h; sourceTree = "<group>"; };
		EAC4B8E1254BDDEE00D79A5A /* TLCollectionViewController.m */ = {isa = PBXFileReference; lastKnownFileType = sourcecode.c.objc; path = TLCollectionViewController.m; sourceTree = "<group>"; };
		EAC4B8E9254BE96D00D79A5A /* TLFlowLayout.h */ = {isa = PBXFileReference; lastKnownFileType = sourcecode.c.h; path = TLFlowLayout.h; sourceTree = "<group>"; };
		EAC4B8EA254BE96D00D79A5A /* TLFlowLayout.m */ = {isa = PBXFileReference; lastKnownFileType = sourcecode.c.objc; path = TLFlowLayout.m; sourceTree = "<group>"; };
		EAC62E262566510400A7A3A2 /* TransitonFirstViewController.h */ = {isa = PBXFileReference; lastKnownFileType = sourcecode.c.h; path = TransitonFirstViewController.h; sourceTree = "<group>"; };
		EAC62E272566510400A7A3A2 /* TransitonFirstViewController.m */ = {isa = PBXFileReference; lastKnownFileType = sourcecode.c.objc; path = TransitonFirstViewController.m; sourceTree = "<group>"; };
		EAC62E2C2566560100A7A3A2 /* TLTransitionAnimator.h */ = {isa = PBXFileReference; lastKnownFileType = sourcecode.c.h; path = TLTransitionAnimator.h; sourceTree = "<group>"; };
		EAC62E2D2566560100A7A3A2 /* TLTransitionAnimator.m */ = {isa = PBXFileReference; lastKnownFileType = sourcecode.c.objc; path = TLTransitionAnimator.m; sourceTree = "<group>"; };
		EAC62E332567A26C00A7A3A2 /* TransitionSecondViewController.h */ = {isa = PBXFileReference; lastKnownFileType = sourcecode.c.h; path = TransitionSecondViewController.h; sourceTree = "<group>"; };
		EAC62E342567A26C00A7A3A2 /* TransitionSecondViewController.m */ = {isa = PBXFileReference; lastKnownFileType = sourcecode.c.objc; path = TransitionSecondViewController.m; sourceTree = "<group>"; };
		EAC62E392567A50500A7A3A2 /* TLTransitioningDelegate.h */ = {isa = PBXFileReference; lastKnownFileType = sourcecode.c.h; path = TLTransitioningDelegate.h; sourceTree = "<group>"; };
		EAC62E3A2567A50500A7A3A2 /* TLTransitioningDelegate.m */ = {isa = PBXFileReference; lastKnownFileType = sourcecode.c.objc; path = TLTransitioningDelegate.m; sourceTree = "<group>"; };
		EAC62E3F2567BB3200A7A3A2 /* TLSwipeTransitionAnimator.h */ = {isa = PBXFileReference; lastKnownFileType = sourcecode.c.h; path = TLSwipeTransitionAnimator.h; sourceTree = "<group>"; };
		EAC62E402567BB3200A7A3A2 /* TLSwipeTransitionAnimator.m */ = {isa = PBXFileReference; lastKnownFileType = sourcecode.c.objc; path = TLSwipeTransitionAnimator.m; sourceTree = "<group>"; };
		EAC62E482567C51C00A7A3A2 /* TLSwipeTransitionInteractionController.h */ = {isa = PBXFileReference; lastKnownFileType = sourcecode.c.h; path = TLSwipeTransitionInteractionController.h; sourceTree = "<group>"; };
		EAC62E492567C51C00A7A3A2 /* TLSwipeTransitionInteractionController.m */ = {isa = PBXFileReference; lastKnownFileType = sourcecode.c.objc; path = TLSwipeTransitionInteractionController.m; sourceTree = "<group>"; };
		EAD65B4E22DCBD5600911886 /* JMLagMonitor.h */ = {isa = PBXFileReference; lastKnownFileType = sourcecode.c.h; path = JMLagMonitor.h; sourceTree = "<group>"; };
		EAD65B4F22DCBD5600911886 /* JMLagMonitor.m */ = {isa = PBXFileReference; lastKnownFileType = sourcecode.c.objc; path = JMLagMonitor.m; sourceTree = "<group>"; };
		EAD65B5222DCD50100911886 /* GCDTestViewController.h */ = {isa = PBXFileReference; lastKnownFileType = sourcecode.c.h; path = GCDTestViewController.h; sourceTree = "<group>"; };
		EAD65B5322DCD50100911886 /* GCDTestViewController.m */ = {isa = PBXFileReference; lastKnownFileType = sourcecode.c.objc; path = GCDTestViewController.m; sourceTree = "<group>"; };
		EAD65B5522DCD64800911886 /* SerialTest.h */ = {isa = PBXFileReference; lastKnownFileType = sourcecode.c.h; path = SerialTest.h; sourceTree = "<group>"; };
		EAD65B5622DCD64800911886 /* SerialTest.m */ = {isa = PBXFileReference; lastKnownFileType = sourcecode.c.objc; path = SerialTest.m; sourceTree = "<group>"; };
		EAD65B5822DCD87E00911886 /* SerialTest+SerialEnsure.h */ = {isa = PBXFileReference; lastKnownFileType = sourcecode.c.h; path = "SerialTest+SerialEnsure.h"; sourceTree = "<group>"; };
		EAD65B5922DCD87E00911886 /* SerialTest+SerialEnsure.m */ = {isa = PBXFileReference; lastKnownFileType = sourcecode.c.objc; path = "SerialTest+SerialEnsure.m"; sourceTree = "<group>"; };
		EAD65B5C22E750E600911886 /* JSViewController.h */ = {isa = PBXFileReference; lastKnownFileType = sourcecode.c.h; path = JSViewController.h; sourceTree = "<group>"; };
		EAD65B5D22E750E600911886 /* JSViewController.m */ = {isa = PBXFileReference; lastKnownFileType = sourcecode.c.objc; path = JSViewController.m; sourceTree = "<group>"; };
		EADEDA44251C6BF4004A5B51 /* LocalWebViewController.h */ = {isa = PBXFileReference; lastKnownFileType = sourcecode.c.h; path = LocalWebViewController.h; sourceTree = "<group>"; };
		EADEDA45251C6BF4004A5B51 /* LocalWebViewController.m */ = {isa = PBXFileReference; lastKnownFileType = sourcecode.c.objc; path = LocalWebViewController.m; sourceTree = "<group>"; };
		EADEDA47251C6FB0004A5B51 /* WebKit.framework */ = {isa = PBXFileReference; lastKnownFileType = wrapper.framework; name = WebKit.framework; path = System/Library/Frameworks/WebKit.framework; sourceTree = SDKROOT; };
		EADEDA49251C76BA004A5B51 /* localHTML.css */ = {isa = PBXFileReference; fileEncoding = 4; lastKnownFileType = text.css; path = localHTML.css; sourceTree = "<group>"; };
		EAF1001924ED67B700FFD016 /* TTTextTestViewController.h */ = {isa = PBXFileReference; lastKnownFileType = sourcecode.c.h; path = TTTextTestViewController.h; sourceTree = "<group>"; };
		EAF1001A24ED67B700FFD016 /* TTTextTestViewController.m */ = {isa = PBXFileReference; lastKnownFileType = sourcecode.c.objc; path = TTTextTestViewController.m; sourceTree = "<group>"; };
/* End PBXFileReference section */

/* Begin PBXFrameworksBuildPhase section */
		EA8CE6F722C5A4E400E24324 /* Frameworks */ = {
			isa = PBXFrameworksBuildPhase;
			buildActionMask = 2147483647;
			files = (
				EADEDA48251C6FB0004A5B51 /* WebKit.framework in Frameworks */,
				81B8187DC2B2FB41366BE0D2 /* libPods-LearningCodes.a in Frameworks */,
			);
			runOnlyForDeploymentPostprocessing = 0;
		};
		EA8CE70F22C5A4E600E24324 /* Frameworks */ = {
			isa = PBXFrameworksBuildPhase;
			buildActionMask = 2147483647;
			files = (
			);
			runOnlyForDeploymentPostprocessing = 0;
		};
		EA8CE71A22C5A4E600E24324 /* Frameworks */ = {
			isa = PBXFrameworksBuildPhase;
			buildActionMask = 2147483647;
			files = (
			);
			runOnlyForDeploymentPostprocessing = 0;
		};
/* End PBXFrameworksBuildPhase section */

/* Begin PBXGroup section */
		1B5DEDBA6D177C2443327D96 /* Frameworks */ = {
			isa = PBXGroup;
			children = (
				EADEDA47251C6FB0004A5B51 /* WebKit.framework */,
				EA8BDAEA238FA35700C6CAC4 /* AudioToolbox.framework */,
				EA8BDAE8238FA34D00C6CAC4 /* libc++.tbd */,
				EA8BDAE6238FA33200C6CAC4 /* libbz2.tbd */,
				EA8BDAE4238FA32500C6CAC4 /* libiconv.tbd */,
				0696EB758946CFF15B9F4756 /* libPods-LearningCodes.a */,
			);
			name = Frameworks;
			sourceTree = "<group>";
		};
		3AAC0EF31E16A851D6F1D726 /* Pods */ = {
			isa = PBXGroup;
			children = (
				D3FA0042FF3154047FB2F061 /* Pods-LearningCodes.debug.xcconfig */,
				D799829DCD6761AD2688E8AF /* Pods-LearningCodes.release.xcconfig */,
			);
			path = Pods;
			sourceTree = "<group>";
		};
		EA10BCC822F2C80D0078EE4D /* BasicTest */ = {
			isa = PBXGroup;
			children = (
				EA10BCC522F2C8040078EE4D /* BasicTestViewController.h */,
				EA10BCC622F2C8040078EE4D /* BasicTestViewController.m */,
			);
			path = BasicTest;
			sourceTree = "<group>";
		};
		EA10BCC922F6DA630078EE4D /* TableView */ = {
			isa = PBXGroup;
			children = (
				EA2DD470230FD6180078C11F /* Catagories */,
				EA10BCCA22F6DA850078EE4D /* AddingCellTestViewController.h */,
				EA10BCCB22F6DA850078EE4D /* AddingCellTestViewController.m */,
				EA2DD46D230F91D00078C11F /* JMTableViewController.h */,
				EA2DD46E230F91D00078C11F /* JMTableViewController.m */,
				EA2DD474230FDA3F0078C11F /* JMTableViewCell.h */,
				EA2DD475230FDA3F0078C11F /* JMTableViewCell.m */,
			);
			path = TableView;
			sourceTree = "<group>";
		};
		EA2DD470230FD6180078C11F /* Catagories */ = {
			isa = PBXGroup;
			children = (
				EA2DD471230FD64D0078C11F /* NSArray+JMSubArray.h */,
				EA2DD472230FD64D0078C11F /* NSArray+JMSubArray.m */,
			);
			path = Catagories;
			sourceTree = "<group>";
		};
		EA2E0F4B24FBB2CC00240F5E /* DynamicCellHeight */ = {
			isa = PBXGroup;
			children = (
				EA6E6B6D250764100039A8A6 /* Util */,
				EA2E0F5224FBB60F00240F5E /* DynamicCellHeightViewController.h */,
				EA2E0F5324FBB60F00240F5E /* DynamicCellHeightViewController.m */,
				EA2E0F552500E15500240F5E /* DynamicCellHeightTableViewCell.h */,
				EA2E0F562500E15500240F5E /* DynamicCellHeightTableViewCell.m */,
				EA2E0F572500E15500240F5E /* DynamicCellHeightTableViewCell.xib */,
			);
			path = DynamicCellHeight;
			sourceTree = "<group>";
		};
		EA6E6B5F25072BCC0039A8A6 /* TableViewHeight */ = {
			isa = PBXGroup;
			children = (
				EA6E6B6025072C040039A8A6 /* TableViewTestViewController.h */,
				EA6E6B6125072C040039A8A6 /* TableViewTestViewController.m */,
			);
			path = TableViewHeight;
			sourceTree = "<group>";
		};
		EA6E6B6D250764100039A8A6 /* Util */ = {
			isa = PBXGroup;
			children = (
				EA6E6B6E250764100039A8A6 /* JMImageCache.h */,
				EA6E6B70250764100039A8A6 /* JMImageCache.m */,
				EA6E6B71250764100039A8A6 /* JMImageDownloader.h */,
				EA6E6B6F250764100039A8A6 /* JMImageDownloader.m */,
			);
			path = Util;
			sourceTree = "<group>";
		};
		EA6E6B7C25093B1B0039A8A6 /* DynamicTableView */ = {
			isa = PBXGroup;
			children = (
				EA6E6B7D25093B470039A8A6 /* DynamicTableViewController.h */,
				EA6E6B7E25093B470039A8A6 /* DynamicTableViewController.m */,
			);
			path = DynamicTableView;
			sourceTree = "<group>";
		};
		EA864A52255B85740068F1C8 /* Transition */ = {
			isa = PBXGroup;
			children = (
				EA864A6E255B91C90068F1C8 /* TransitionViewController.h */,
				EA864A6F255B91C90068F1C8 /* TransitionViewController.m */,
				EA864A90255BC0740068F1C8 /* TLScrollView.h */,
				EA864A91255BC0740068F1C8 /* TLScrollView.m */,
				EAC62E262566510400A7A3A2 /* TransitonFirstViewController.h */,
				EAC62E272566510400A7A3A2 /* TransitonFirstViewController.m */,
				EAC62E2C2566560100A7A3A2 /* TLTransitionAnimator.h */,
				EAC62E2D2566560100A7A3A2 /* TLTransitionAnimator.m */,
				EAC62E3F2567BB3200A7A3A2 /* TLSwipeTransitionAnimator.h */,
				EAC62E402567BB3200A7A3A2 /* TLSwipeTransitionAnimator.m */,
				EAC62E332567A26C00A7A3A2 /* TransitionSecondViewController.h */,
				EAC62E342567A26C00A7A3A2 /* TransitionSecondViewController.m */,
				EAC62E392567A50500A7A3A2 /* TLTransitioningDelegate.h */,
				EAC62E3A2567A50500A7A3A2 /* TLTransitioningDelegate.m */,
				EAC62E482567C51C00A7A3A2 /* TLSwipeTransitionInteractionController.h */,
				EAC62E492567C51C00A7A3A2 /* TLSwipeTransitionInteractionController.m */,
			);
			path = Transition;
			sourceTree = "<group>";
		};
		EA864A99255E68BF0068F1C8 /* TouchTest */ = {
			isa = PBXGroup;
			children = (
				EA864A9A255E68DF0068F1C8 /* TouchTestViewController.h */,
				EA864A9B255E68DF0068F1C8 /* TouchTestViewController.m */,
				EA864AA3255E690C0068F1C8 /* TLViewA.h */,
				EA864AA4255E690C0068F1C8 /* TLViewA.m */,
				EA864AA9255E69480068F1C8 /* TLViewB.h */,
				EA864AAA255E69480068F1C8 /* TLViewB.m */,
			);
			path = TouchTest;
			sourceTree = "<group>";
		};
		EA8CE6F122C5A4E400E24324 = {
			isa = PBXGroup;
			children = (
				EA20E5FC2552815700AF46D7 /* rgba.txt */,
				EAC4B8DA25360C2900D79A5A /* HTMLBody */,
				EAC4B8D025360B5500D79A5A /* LearningHTML.html */,
				EAC4B8D525360BDD00D79A5A /* style.css */,
				EA0C8CD92531A43900D0F8DF /* test.html */,
				EA8BDAF02390E1A600C6CAC4 /* 190204084208765161.mp4 */,
				EA8BDADB238E59C200C6CAC4 /* 1573592711.ts */,
				EA6E6B7A250914BD0039A8A6 /* teacher.txt */,
				EA8CE6FC22C5A4E400E24324 /* LearningCodes */,
				EA8CE71522C5A4E600E24324 /* LearningCodesTests */,
				EA8CE72022C5A4E600E24324 /* LearningCodesUITests */,
				EA8CE6FB22C5A4E400E24324 /* Products */,
				3AAC0EF31E16A851D6F1D726 /* Pods */,
				1B5DEDBA6D177C2443327D96 /* Frameworks */,
			);
			sourceTree = "<group>";
		};
		EA8CE6FB22C5A4E400E24324 /* Products */ = {
			isa = PBXGroup;
			children = (
				EA8CE6FA22C5A4E400E24324 /* LearningCodes.app */,
				EA8CE71222C5A4E600E24324 /* LearningCodesTests.xctest */,
				EA8CE71D22C5A4E600E24324 /* LearningCodesUITests.xctest */,
			);
			name = Products;
			sourceTree = "<group>";
		};
		EA8CE6FC22C5A4E400E24324 /* LearningCodes */ = {
			isa = PBXGroup;
			children = (
				EA864A99255E68BF0068F1C8 /* TouchTest */,
				EA864A52255B85740068F1C8 /* Transition */,
				EAC4B8DF254BDDBB00D79A5A /* CollectionView */,
				EADEDA43251C6BD4004A5B51 /* Web */,
				EA6E6B7C25093B1B0039A8A6 /* DynamicTableView */,
				EA6E6B5F25072BCC0039A8A6 /* TableViewHeight */,
				EA2E0F4B24FBB2CC00240F5E /* DynamicCellHeight */,
				EAF1001824ED679800FFD016 /* YYTextTest */,
				EA9944F8233C858400CC555B /* Downloader */,
				EA10BCC922F6DA630078EE4D /* TableView */,
				EA10BCC822F2C80D0078EE4D /* BasicTest */,
				EAD65B5B22E750C700911886 /* JS */,
				EAD65B5122DCD4EA00911886 /* GCD */,
				EA8CE73A22D85E6900E24324 /* RunLoop */,
				EA8CE73222C5A59400E24324 /* Base */,
				EA8CE6FD22C5A4E400E24324 /* AppDelegate.h */,
				EA8CE6FE22C5A4E400E24324 /* AppDelegate.m */,
				EA8CE70322C5A4E400E24324 /* Main.storyboard */,
				EA8CE70622C5A4E600E24324 /* Assets.xcassets */,
				EA8CE70822C5A4E600E24324 /* LaunchScreen.storyboard */,
				EA8CE70B22C5A4E600E24324 /* Info.plist */,
				EA8CE70C22C5A4E600E24324 /* main.m */,
				EA8CE73622C5A5D900E24324 /* PrefixHeader.pch */,
			);
			path = LearningCodes;
			sourceTree = "<group>";
		};
		EA8CE71522C5A4E600E24324 /* LearningCodesTests */ = {
			isa = PBXGroup;
			children = (
				EA8CE71622C5A4E600E24324 /* LearningCodesTests.m */,
				EA8CE71822C5A4E600E24324 /* Info.plist */,
			);
			path = LearningCodesTests;
			sourceTree = "<group>";
		};
		EA8CE72022C5A4E600E24324 /* LearningCodesUITests */ = {
			isa = PBXGroup;
			children = (
				EA8CE72122C5A4E600E24324 /* LearningCodesUITests.m */,
				EA8CE72322C5A4E600E24324 /* Info.plist */,
			);
			path = LearningCodesUITests;
			sourceTree = "<group>";
		};
		EA8CE73222C5A59400E24324 /* Base */ = {
			isa = PBXGroup;
			children = (
				EA8CE72F22C5A57900E24324 /* MainTableViewController.h */,
				EA8CE73022C5A57900E24324 /* MainTableViewController.m */,
				EA8CE73822C5A67800E24324 /* JMNavigationController.h */,
				EA8CE73722C5A67800E24324 /* JMNavigationController.m */,
			);
			path = Base;
			sourceTree = "<group>";
		};
		EA8CE73A22D85E6900E24324 /* RunLoop */ = {
			isa = PBXGroup;
			children = (
				EA8CE73B22D85E8500E24324 /* RunLoopTestViewController.h */,
				EA8CE73C22D85E8500E24324 /* RunLoopTestViewController.m */,
				EAD65B4E22DCBD5600911886 /* JMLagMonitor.h */,
				EAD65B4F22DCBD5600911886 /* JMLagMonitor.m */,
			);
			path = RunLoop;
			sourceTree = "<group>";
		};
		EA9944F8233C858400CC555B /* Downloader */ = {
			isa = PBXGroup;
			children = (
				EA9944F9233C859A00CC555B /* DownloaderViewController.h */,
				EA9944FA233C859A00CC555B /* DownloaderViewController.m */,
				EA8BDAD12387CC3F00C6CAC4 /* NSURL+param.h */,
				EA8BDAD22387CC3F00C6CAC4 /* NSURL+param.m */,
			);
			path = Downloader;
			sourceTree = "<group>";
		};
		EAC4B8DF254BDDBB00D79A5A /* CollectionView */ = {
			isa = PBXGroup;
			children = (
				EAC4B8E0254BDDEE00D79A5A /* TLCollectionViewController.h */,
				EAC4B8E1254BDDEE00D79A5A /* TLCollectionViewController.m */,
				EAC4B8E9254BE96D00D79A5A /* TLFlowLayout.h */,
				EAC4B8EA254BE96D00D79A5A /* TLFlowLayout.m */,
			);
			path = CollectionView;
			sourceTree = "<group>";
		};
		EAD65B5122DCD4EA00911886 /* GCD */ = {
			isa = PBXGroup;
			children = (
				EAD65B5222DCD50100911886 /* GCDTestViewController.h */,
				EAD65B5322DCD50100911886 /* GCDTestViewController.m */,
				EAD65B5522DCD64800911886 /* SerialTest.h */,
				EAD65B5622DCD64800911886 /* SerialTest.m */,
				EAD65B5822DCD87E00911886 /* SerialTest+SerialEnsure.h */,
				EAD65B5922DCD87E00911886 /* SerialTest+SerialEnsure.m */,
			);
			path = GCD;
			sourceTree = "<group>";
		};
		EAD65B5B22E750C700911886 /* JS */ = {
			isa = PBXGroup;
			children = (
				EAD65B5C22E750E600911886 /* JSViewController.h */,
				EAD65B5D22E750E600911886 /* JSViewController.m */,
			);
			path = JS;
			sourceTree = "<group>";
		};
		EADEDA43251C6BD4004A5B51 /* Web */ = {
			isa = PBXGroup;
			children = (
				EADEDA49251C76BA004A5B51 /* localHTML.css */,
				EADEDA44251C6BF4004A5B51 /* LocalWebViewController.h */,
				EADEDA45251C6BF4004A5B51 /* LocalWebViewController.m */,
			);
			path = Web;
			sourceTree = "<group>";
		};
		EAF1001824ED679800FFD016 /* YYTextTest */ = {
			isa = PBXGroup;
			children = (
				EAF1001924ED67B700FFD016 /* TTTextTestViewController.h */,
				EAF1001A24ED67B700FFD016 /* TTTextTestViewController.m */,
			);
			path = YYTextTest;
			sourceTree = "<group>";
		};
/* End PBXGroup section */

/* Begin PBXNativeTarget section */
		EA8CE6F922C5A4E400E24324 /* LearningCodes */ = {
			isa = PBXNativeTarget;
			buildConfigurationList = EA8CE72622C5A4E600E24324 /* Build configuration list for PBXNativeTarget "LearningCodes" */;
			buildPhases = (
				C2CFC4656ECE20B7DE3912BF /* [CP] Check Pods Manifest.lock */,
				EA8CE6F622C5A4E400E24324 /* Sources */,
				EA8CE6F722C5A4E400E24324 /* Frameworks */,
				EA8CE6F822C5A4E400E24324 /* Resources */,
			);
			buildRules = (
			);
			dependencies = (
			);
			name = LearningCodes;
			productName = LearningCodes;
			productReference = EA8CE6FA22C5A4E400E24324 /* LearningCodes.app */;
			productType = "com.apple.product-type.application";
		};
		EA8CE71122C5A4E600E24324 /* LearningCodesTests */ = {
			isa = PBXNativeTarget;
			buildConfigurationList = EA8CE72922C5A4E600E24324 /* Build configuration list for PBXNativeTarget "LearningCodesTests" */;
			buildPhases = (
				EA8CE70E22C5A4E600E24324 /* Sources */,
				EA8CE70F22C5A4E600E24324 /* Frameworks */,
				EA8CE71022C5A4E600E24324 /* Resources */,
			);
			buildRules = (
			);
			dependencies = (
				EA8CE71422C5A4E600E24324 /* PBXTargetDependency */,
			);
			name = LearningCodesTests;
			productName = LearningCodesTests;
			productReference = EA8CE71222C5A4E600E24324 /* LearningCodesTests.xctest */;
			productType = "com.apple.product-type.bundle.unit-test";
		};
		EA8CE71C22C5A4E600E24324 /* LearningCodesUITests */ = {
			isa = PBXNativeTarget;
			buildConfigurationList = EA8CE72C22C5A4E600E24324 /* Build configuration list for PBXNativeTarget "LearningCodesUITests" */;
			buildPhases = (
				EA8CE71922C5A4E600E24324 /* Sources */,
				EA8CE71A22C5A4E600E24324 /* Frameworks */,
				EA8CE71B22C5A4E600E24324 /* Resources */,
			);
			buildRules = (
			);
			dependencies = (
				EA8CE71F22C5A4E600E24324 /* PBXTargetDependency */,
			);
			name = LearningCodesUITests;
			productName = LearningCodesUITests;
			productReference = EA8CE71D22C5A4E600E24324 /* LearningCodesUITests.xctest */;
			productType = "com.apple.product-type.bundle.ui-testing";
		};
/* End PBXNativeTarget section */

/* Begin PBXProject section */
		EA8CE6F222C5A4E400E24324 /* Project object */ = {
			isa = PBXProject;
			attributes = {
				LastUpgradeCheck = 1020;
				ORGANIZATIONNAME = Tony;
				TargetAttributes = {
					EA8CE6F922C5A4E400E24324 = {
						CreatedOnToolsVersion = 10.2.1;
					};
					EA8CE71122C5A4E600E24324 = {
						CreatedOnToolsVersion = 10.2.1;
						TestTargetID = EA8CE6F922C5A4E400E24324;
					};
					EA8CE71C22C5A4E600E24324 = {
						CreatedOnToolsVersion = 10.2.1;
						TestTargetID = EA8CE6F922C5A4E400E24324;
					};
				};
			};
			buildConfigurationList = EA8CE6F522C5A4E400E24324 /* Build configuration list for PBXProject "LearningCodes" */;
			compatibilityVersion = "Xcode 9.3";
			developmentRegion = en;
			hasScannedForEncodings = 0;
			knownRegions = (
				en,
				Base,
			);
			mainGroup = EA8CE6F122C5A4E400E24324;
			productRefGroup = EA8CE6FB22C5A4E400E24324 /* Products */;
			projectDirPath = "";
			projectRoot = "";
			targets = (
				EA8CE6F922C5A4E400E24324 /* LearningCodes */,
				EA8CE71122C5A4E600E24324 /* LearningCodesTests */,
				EA8CE71C22C5A4E600E24324 /* LearningCodesUITests */,
			);
		};
/* End PBXProject section */

/* Begin PBXResourcesBuildPhase section */
		EA8CE6F822C5A4E400E24324 /* Resources */ = {
			isa = PBXResourcesBuildPhase;
			buildActionMask = 2147483647;
			files = (
				EA20E5FD2552815700AF46D7 /* rgba.txt in Resources */,
				EA8CE70A22C5A4E600E24324 /* LaunchScreen.storyboard in Resources */,
				EAC4B8D125360B5500D79A5A /* LearningHTML.html in Resources */,
				EA6E6B7B250914BE0039A8A6 /* teacher.txt in Resources */,
				EA8CE70722C5A4E600E24324 /* Assets.xcassets in Resources */,
				EA8CE70522C5A4E400E24324 /* Main.storyboard in Resources */,
				EADEDA4A251C76BA004A5B51 /* localHTML.css in Resources */,
				EAC4B8D625360BDD00D79A5A /* style.css in Resources */,
				EA8BDADC238E59C200C6CAC4 /* 1573592711.ts in Resources */,
				EA2E0F592500E15500240F5E /* DynamicCellHeightTableViewCell.xib in Resources */,
				EA8BDAF12390E1A600C6CAC4 /* 190204084208765161.mp4 in Resources */,
				EA0C8CDA2531A43900D0F8DF /* test.html in Resources */,
				EAC4B8DB25360C2900D79A5A /* HTMLBody in Resources */,
			);
			runOnlyForDeploymentPostprocessing = 0;
		};
		EA8CE71022C5A4E600E24324 /* Resources */ = {
			isa = PBXResourcesBuildPhase;
			buildActionMask = 2147483647;
			files = (
			);
			runOnlyForDeploymentPostprocessing = 0;
		};
		EA8CE71B22C5A4E600E24324 /* Resources */ = {
			isa = PBXResourcesBuildPhase;
			buildActionMask = 2147483647;
			files = (
			);
			runOnlyForDeploymentPostprocessing = 0;
		};
/* End PBXResourcesBuildPhase section */

/* Begin PBXShellScriptBuildPhase section */
		C2CFC4656ECE20B7DE3912BF /* [CP] Check Pods Manifest.lock */ = {
			isa = PBXShellScriptBuildPhase;
			buildActionMask = 2147483647;
			files = (
			);
			inputFileListPaths = (
			);
			inputPaths = (
				"${PODS_PODFILE_DIR_PATH}/Podfile.lock",
				"${PODS_ROOT}/Manifest.lock",
			);
			name = "[CP] Check Pods Manifest.lock";
			outputFileListPaths = (
			);
			outputPaths = (
				"$(DERIVED_FILE_DIR)/Pods-LearningCodes-checkManifestLockResult.txt",
			);
			runOnlyForDeploymentPostprocessing = 0;
			shellPath = /bin/sh;
			shellScript = "diff \"${PODS_PODFILE_DIR_PATH}/Podfile.lock\" \"${PODS_ROOT}/Manifest.lock\" > /dev/null\nif [ $? != 0 ] ; then\n    # print error to STDERR\n    echo \"error: The sandbox is not in sync with the Podfile.lock. Run 'pod install' or update your CocoaPods installation.\" >&2\n    exit 1\nfi\n# This output is used by Xcode 'outputs' to avoid re-running this script phase.\necho \"SUCCESS\" > \"${SCRIPT_OUTPUT_FILE_0}\"\n";
			showEnvVarsInLog = 0;
		};
/* End PBXShellScriptBuildPhase section */

/* Begin PBXSourcesBuildPhase section */
		EA8CE6F622C5A4E400E24324 /* Sources */ = {
			isa = PBXSourcesBuildPhase;
			buildActionMask = 2147483647;
			files = (
				EAC62E3B2567A50500A7A3A2 /* TLTransitioningDelegate.m in Sources */,
				EA2E0F582500E15500240F5E /* DynamicCellHeightTableViewCell.m in Sources */,
				EA864AAB255E69480068F1C8 /* TLViewB.m in Sources */,
				EA2DD476230FDA3F0078C11F /* JMTableViewCell.m in Sources */,
				EAC4B8EB254BE96D00D79A5A /* TLFlowLayout.m in Sources */,
				EAD65B5022DCBD5600911886 /* JMLagMonitor.m in Sources */,
				EADEDA46251C6BF4004A5B51 /* LocalWebViewController.m in Sources */,
				EA8BDAD32387CC3F00C6CAC4 /* NSURL+param.m in Sources */,
				EAD65B5E22E750E600911886 /* JSViewController.m in Sources */,
				EA864A92255BC0740068F1C8 /* TLScrollView.m in Sources */,
				EA864A9C255E68DF0068F1C8 /* TouchTestViewController.m in Sources */,
				EA9944FB233C859A00CC555B /* DownloaderViewController.m in Sources */,
				EA8CE73D22D85E8500E24324 /* RunLoopTestViewController.m in Sources */,
				EA2E0F5424FBB60F00240F5E /* DynamicCellHeightViewController.m in Sources */,
				EA8CE70D22C5A4E600E24324 /* main.m in Sources */,
				EAD65B5422DCD50100911886 /* GCDTestViewController.m in Sources */,
				EA8CE6FF22C5A4E400E24324 /* AppDelegate.m in Sources */,
				EA6E6B7F25093B470039A8A6 /* DynamicTableViewController.m in Sources */,
				EA2DD46F230F91D00078C11F /* JMTableViewController.m in Sources */,
				EA864A70255B91C90068F1C8 /* TransitionViewController.m in Sources */,
				EA8CE73922C5A67800E24324 /* JMNavigationController.m in Sources */,
				EA8CE73122C5A57900E24324 /* MainTableViewController.m in Sources */,
				EA864AA5255E690C0068F1C8 /* TLViewA.m in Sources */,
				EA6E6B73250764100039A8A6 /* JMImageCache.m in Sources */,
				EAC62E412567BB3200A7A3A2 /* TLSwipeTransitionAnimator.m in Sources */,
				EAD65B5722DCD64800911886 /* SerialTest.m in Sources */,
				EA2DD473230FD64D0078C11F /* NSArray+JMSubArray.m in Sources */,
				EA6E6B6225072C040039A8A6 /* TableViewTestViewController.m in Sources */,
				EAC4B8E2254BDDEE00D79A5A /* TLCollectionViewController.m in Sources */,
				EA10BCC722F2C8040078EE4D /* BasicTestViewController.m in Sources */,
				EAC62E282566510500A7A3A2 /* TransitonFirstViewController.m in Sources */,
				EA6E6B72250764100039A8A6 /* JMImageDownloader.m in Sources */,
				EAF1001B24ED67B700FFD016 /* TTTextTestViewController.m in Sources */,
				EAC62E352567A26C00A7A3A2 /* TransitionSecondViewController.m in Sources */,
				EAC62E2E2566560100A7A3A2 /* TLTransitionAnimator.m in Sources */,
				EAD65B5A22DCD87E00911886 /* SerialTest+SerialEnsure.m in Sources */,
				EAC62E4A2567C51C00A7A3A2 /* TLSwipeTransitionInteractionController.m in Sources */,
				EA10BCCC22F6DA850078EE4D /* AddingCellTestViewController.m in Sources */,
			);
			runOnlyForDeploymentPostprocessing = 0;
		};
		EA8CE70E22C5A4E600E24324 /* Sources */ = {
			isa = PBXSourcesBuildPhase;
			buildActionMask = 2147483647;
			files = (
				EA8CE71722C5A4E600E24324 /* LearningCodesTests.m in Sources */,
			);
			runOnlyForDeploymentPostprocessing = 0;
		};
		EA8CE71922C5A4E600E24324 /* Sources */ = {
			isa = PBXSourcesBuildPhase;
			buildActionMask = 2147483647;
			files = (
				EA8CE72222C5A4E600E24324 /* LearningCodesUITests.m in Sources */,
			);
			runOnlyForDeploymentPostprocessing = 0;
		};
/* End PBXSourcesBuildPhase section */

/* Begin PBXTargetDependency section */
		EA8CE71422C5A4E600E24324 /* PBXTargetDependency */ = {
			isa = PBXTargetDependency;
			target = EA8CE6F922C5A4E400E24324 /* LearningCodes */;
			targetProxy = EA8CE71322C5A4E600E24324 /* PBXContainerItemProxy */;
		};
		EA8CE71F22C5A4E600E24324 /* PBXTargetDependency */ = {
			isa = PBXTargetDependency;
			target = EA8CE6F922C5A4E400E24324 /* LearningCodes */;
			targetProxy = EA8CE71E22C5A4E600E24324 /* PBXContainerItemProxy */;
		};
/* End PBXTargetDependency section */

/* Begin PBXVariantGroup section */
		EA8CE70322C5A4E400E24324 /* Main.storyboard */ = {
			isa = PBXVariantGroup;
			children = (
				EA8CE70422C5A4E400E24324 /* Base */,
			);
			name = Main.storyboard;
			sourceTree = "<group>";
		};
		EA8CE70822C5A4E600E24324 /* LaunchScreen.storyboard */ = {
			isa = PBXVariantGroup;
			children = (
				EA8CE70922C5A4E600E24324 /* Base */,
			);
			name = LaunchScreen.storyboard;
			sourceTree = "<group>";
		};
/* End PBXVariantGroup section */

/* Begin XCBuildConfiguration section */
		EA8CE72422C5A4E600E24324 /* Debug */ = {
			isa = XCBuildConfiguration;
			buildSettings = {
				ALWAYS_SEARCH_USER_PATHS = NO;
				CLANG_ANALYZER_NONNULL = YES;
				CLANG_ANALYZER_NUMBER_OBJECT_CONVERSION = YES_AGGRESSIVE;
				CLANG_CXX_LANGUAGE_STANDARD = "gnu++14";
				CLANG_CXX_LIBRARY = "libc++";
				CLANG_ENABLE_MODULES = YES;
				CLANG_ENABLE_OBJC_ARC = YES;
				CLANG_ENABLE_OBJC_WEAK = YES;
				CLANG_WARN_BLOCK_CAPTURE_AUTORELEASING = YES;
				CLANG_WARN_BOOL_CONVERSION = YES;
				CLANG_WARN_COMMA = YES;
				CLANG_WARN_CONSTANT_CONVERSION = YES;
				CLANG_WARN_DEPRECATED_OBJC_IMPLEMENTATIONS = YES;
				CLANG_WARN_DIRECT_OBJC_ISA_USAGE = YES_ERROR;
				CLANG_WARN_DOCUMENTATION_COMMENTS = YES;
				CLANG_WARN_EMPTY_BODY = YES;
				CLANG_WARN_ENUM_CONVERSION = YES;
				CLANG_WARN_INFINITE_RECURSION = YES;
				CLANG_WARN_INT_CONVERSION = YES;
				CLANG_WARN_NON_LITERAL_NULL_CONVERSION = YES;
				CLANG_WARN_OBJC_IMPLICIT_RETAIN_SELF = YES;
				CLANG_WARN_OBJC_LITERAL_CONVERSION = YES;
				CLANG_WARN_OBJC_ROOT_CLASS = YES_ERROR;
				CLANG_WARN_RANGE_LOOP_ANALYSIS = YES;
				CLANG_WARN_STRICT_PROTOTYPES = YES;
				CLANG_WARN_SUSPICIOUS_MOVE = YES;
				CLANG_WARN_UNGUARDED_AVAILABILITY = YES_AGGRESSIVE;
				CLANG_WARN_UNREACHABLE_CODE = YES;
				CLANG_WARN__DUPLICATE_METHOD_MATCH = YES;
				CODE_SIGN_IDENTITY = "iPhone Developer";
				COPY_PHASE_STRIP = NO;
				DEBUG_INFORMATION_FORMAT = dwarf;
				ENABLE_STRICT_OBJC_MSGSEND = YES;
				ENABLE_TESTABILITY = YES;
				GCC_C_LANGUAGE_STANDARD = gnu11;
				GCC_DYNAMIC_NO_PIC = NO;
				GCC_NO_COMMON_BLOCKS = YES;
				GCC_OPTIMIZATION_LEVEL = 0;
				GCC_PREPROCESSOR_DEFINITIONS = (
					"DEBUG=1",
					"$(inherited)",
				);
				GCC_WARN_64_TO_32_BIT_CONVERSION = YES;
				GCC_WARN_ABOUT_RETURN_TYPE = YES_ERROR;
				GCC_WARN_UNDECLARED_SELECTOR = YES;
				GCC_WARN_UNINITIALIZED_AUTOS = YES_AGGRESSIVE;
				GCC_WARN_UNUSED_FUNCTION = YES;
				GCC_WARN_UNUSED_VARIABLE = YES;
				IPHONEOS_DEPLOYMENT_TARGET = 12.2;
				MTL_ENABLE_DEBUG_INFO = INCLUDE_SOURCE;
				MTL_FAST_MATH = YES;
				ONLY_ACTIVE_ARCH = YES;
				SDKROOT = iphoneos;
			};
			name = Debug;
		};
		EA8CE72522C5A4E600E24324 /* Release */ = {
			isa = XCBuildConfiguration;
			buildSettings = {
				ALWAYS_SEARCH_USER_PATHS = NO;
				CLANG_ANALYZER_NONNULL = YES;
				CLANG_ANALYZER_NUMBER_OBJECT_CONVERSION = YES_AGGRESSIVE;
				CLANG_CXX_LANGUAGE_STANDARD = "gnu++14";
				CLANG_CXX_LIBRARY = "libc++";
				CLANG_ENABLE_MODULES = YES;
				CLANG_ENABLE_OBJC_ARC = YES;
				CLANG_ENABLE_OBJC_WEAK = YES;
				CLANG_WARN_BLOCK_CAPTURE_AUTORELEASING = YES;
				CLANG_WARN_BOOL_CONVERSION = YES;
				CLANG_WARN_COMMA = YES;
				CLANG_WARN_CONSTANT_CONVERSION = YES;
				CLANG_WARN_DEPRECATED_OBJC_IMPLEMENTATIONS = YES;
				CLANG_WARN_DIRECT_OBJC_ISA_USAGE = YES_ERROR;
				CLANG_WARN_DOCUMENTATION_COMMENTS = YES;
				CLANG_WARN_EMPTY_BODY = YES;
				CLANG_WARN_ENUM_CONVERSION = YES;
				CLANG_WARN_INFINITE_RECURSION = YES;
				CLANG_WARN_INT_CONVERSION = YES;
				CLANG_WARN_NON_LITERAL_NULL_CONVERSION = YES;
				CLANG_WARN_OBJC_IMPLICIT_RETAIN_SELF = YES;
				CLANG_WARN_OBJC_LITERAL_CONVERSION = YES;
				CLANG_WARN_OBJC_ROOT_CLASS = YES_ERROR;
				CLANG_WARN_RANGE_LOOP_ANALYSIS = YES;
				CLANG_WARN_STRICT_PROTOTYPES = YES;
				CLANG_WARN_SUSPICIOUS_MOVE = YES;
				CLANG_WARN_UNGUARDED_AVAILABILITY = YES_AGGRESSIVE;
				CLANG_WARN_UNREACHABLE_CODE = YES;
				CLANG_WARN__DUPLICATE_METHOD_MATCH = YES;
				CODE_SIGN_IDENTITY = "iPhone Developer";
				COPY_PHASE_STRIP = NO;
				DEBUG_INFORMATION_FORMAT = "dwarf-with-dsym";
				ENABLE_NS_ASSERTIONS = NO;
				ENABLE_STRICT_OBJC_MSGSEND = YES;
				GCC_C_LANGUAGE_STANDARD = gnu11;
				GCC_NO_COMMON_BLOCKS = YES;
				GCC_WARN_64_TO_32_BIT_CONVERSION = YES;
				GCC_WARN_ABOUT_RETURN_TYPE = YES_ERROR;
				GCC_WARN_UNDECLARED_SELECTOR = YES;
				GCC_WARN_UNINITIALIZED_AUTOS = YES_AGGRESSIVE;
				GCC_WARN_UNUSED_FUNCTION = YES;
				GCC_WARN_UNUSED_VARIABLE = YES;
				IPHONEOS_DEPLOYMENT_TARGET = 12.2;
				MTL_ENABLE_DEBUG_INFO = NO;
				MTL_FAST_MATH = YES;
				SDKROOT = iphoneos;
				VALIDATE_PRODUCT = YES;
			};
			name = Release;
		};
		EA8CE72722C5A4E600E24324 /* Debug */ = {
			isa = XCBuildConfiguration;
			baseConfigurationReference = D3FA0042FF3154047FB2F061 /* Pods-LearningCodes.debug.xcconfig */;
			buildSettings = {
				ASSETCATALOG_COMPILER_APPICON_NAME = AppIcon;
				CLANG_CXX_LIBRARY = "libc++";
				CODE_SIGN_IDENTITY = "Apple Development";
				CODE_SIGN_STYLE = Automatic;
				DEVELOPMENT_TEAM = U3KSMQZZR5;
				ENABLE_BITCODE = NO;
				ENABLE_STRICT_OBJC_MSGSEND = NO;
				FRAMEWORK_SEARCH_PATHS = (
					"$(inherited)",
					"$(PROJECT_DIR)",
				);
				GCC_PRECOMPILE_PREFIX_HEADER = YES;
				GCC_PREFIX_HEADER = "$(SRCROOT)/LearningCodes/PrefixHeader.pch";
				INFOPLIST_FILE = LearningCodes/Info.plist;
				IPHONEOS_DEPLOYMENT_TARGET = 9.0;
				LD_RUNPATH_SEARCH_PATHS = (
					"$(inherited)",
					"@executable_path/Frameworks",
				);
				PRODUCT_BUNDLE_IDENTIFIER = com.Tony.LearningCodes;
				PRODUCT_NAME = "$(TARGET_NAME)";
				PROVISIONING_PROFILE_SPECIFIER = "";
				TARGETED_DEVICE_FAMILY = "1,2";
			};
			name = Debug;
		};
		EA8CE72822C5A4E600E24324 /* Release */ = {
			isa = XCBuildConfiguration;
			baseConfigurationReference = D799829DCD6761AD2688E8AF /* Pods-LearningCodes.release.xcconfig */;
			buildSettings = {
				ASSETCATALOG_COMPILER_APPICON_NAME = AppIcon;
				CLANG_CXX_LIBRARY = "libc++";
				CODE_SIGN_IDENTITY = "Apple Development";
				CODE_SIGN_STYLE = Automatic;
				DEVELOPMENT_TEAM = U3KSMQZZR5;
				ENABLE_BITCODE = NO;
				ENABLE_STRICT_OBJC_MSGSEND = NO;
				FRAMEWORK_SEARCH_PATHS = (
					"$(inherited)",
					"$(PROJECT_DIR)",
				);
				GCC_PRECOMPILE_PREFIX_HEADER = YES;
				GCC_PREFIX_HEADER = "$(SRCROOT)/LearningCodes/PrefixHeader.pch";
				INFOPLIST_FILE = LearningCodes/Info.plist;
				IPHONEOS_DEPLOYMENT_TARGET = 9.0;
				LD_RUNPATH_SEARCH_PATHS = (
					"$(inherited)",
					"@executable_path/Frameworks",
				);
				PRODUCT_BUNDLE_IDENTIFIER = com.Tony.LearningCodes;
				PRODUCT_NAME = "$(TARGET_NAME)";
				PROVISIONING_PROFILE_SPECIFIER = "";
				TARGETED_DEVICE_FAMILY = "1,2";
			};
			name = Release;
		};
		EA8CE72A22C5A4E600E24324 /* Debug */ = {
			isa = XCBuildConfiguration;
			buildSettings = {
				BUNDLE_LOADER = "$(TEST_HOST)";
				CODE_SIGN_STYLE = Automatic;
				DEVELOPMENT_TEAM = U3KSMQZZR5;
				INFOPLIST_FILE = LearningCodesTests/Info.plist;
				LD_RUNPATH_SEARCH_PATHS = (
					"$(inherited)",
					"@executable_path/Frameworks",
					"@loader_path/Frameworks",
				);
				PRODUCT_BUNDLE_IDENTIFIER = com.Tony.LearningCodesTests;
				PRODUCT_NAME = "$(TARGET_NAME)";
				TARGETED_DEVICE_FAMILY = "1,2";
				TEST_HOST = "$(BUILT_PRODUCTS_DIR)/LearningCodes.app/LearningCodes";
			};
			name = Debug;
		};
		EA8CE72B22C5A4E600E24324 /* Release */ = {
			isa = XCBuildConfiguration;
			buildSettings = {
				BUNDLE_LOADER = "$(TEST_HOST)";
				CODE_SIGN_STYLE = Automatic;
				DEVELOPMENT_TEAM = U3KSMQZZR5;
				INFOPLIST_FILE = LearningCodesTests/Info.plist;
				LD_RUNPATH_SEARCH_PATHS = (
					"$(inherited)",
					"@executable_path/Frameworks",
					"@loader_path/Frameworks",
				);
				PRODUCT_BUNDLE_IDENTIFIER = com.Tony.LearningCodesTests;
				PRODUCT_NAME = "$(TARGET_NAME)";
				TARGETED_DEVICE_FAMILY = "1,2";
				TEST_HOST = "$(BUILT_PRODUCTS_DIR)/LearningCodes.app/LearningCodes";
			};
			name = Release;
		};
		EA8CE72D22C5A4E600E24324 /* Debug */ = {
			isa = XCBuildConfiguration;
			buildSettings = {
				CODE_SIGN_STYLE = Automatic;
				DEVELOPMENT_TEAM = U3KSMQZZR5;
				INFOPLIST_FILE = LearningCodesUITests/Info.plist;
				LD_RUNPATH_SEARCH_PATHS = (
					"$(inherited)",
					"@executable_path/Frameworks",
					"@loader_path/Frameworks",
				);
				PRODUCT_BUNDLE_IDENTIFIER = com.Tony.LearningCodesUITests;
				PRODUCT_NAME = "$(TARGET_NAME)";
				TARGETED_DEVICE_FAMILY = "1,2";
				TEST_TARGET_NAME = LearningCodes;
			};
			name = Debug;
		};
		EA8CE72E22C5A4E600E24324 /* Release */ = {
			isa = XCBuildConfiguration;
			buildSettings = {
				CODE_SIGN_STYLE = Automatic;
				DEVELOPMENT_TEAM = U3KSMQZZR5;
				INFOPLIST_FILE = LearningCodesUITests/Info.plist;
				LD_RUNPATH_SEARCH_PATHS = (
					"$(inherited)",
					"@executable_path/Frameworks",
					"@loader_path/Frameworks",
				);
				PRODUCT_BUNDLE_IDENTIFIER = com.Tony.LearningCodesUITests;
				PRODUCT_NAME = "$(TARGET_NAME)";
				TARGETED_DEVICE_FAMILY = "1,2";
				TEST_TARGET_NAME = LearningCodes;
			};
			name = Release;
		};
/* End XCBuildConfiguration section */

/* Begin XCConfigurationList section */
		EA8CE6F522C5A4E400E24324 /* Build configuration list for PBXProject "LearningCodes" */ = {
			isa = XCConfigurationList;
			buildConfigurations = (
				EA8CE72422C5A4E600E24324 /* Debug */,
				EA8CE72522C5A4E600E24324 /* Release */,
			);
			defaultConfigurationIsVisible = 0;
			defaultConfigurationName = Release;
		};
		EA8CE72622C5A4E600E24324 /* Build configuration list for PBXNativeTarget "LearningCodes" */ = {
			isa = XCConfigurationList;
			buildConfigurations = (
				EA8CE72722C5A4E600E24324 /* Debug */,
				EA8CE72822C5A4E600E24324 /* Release */,
			);
			defaultConfigurationIsVisible = 0;
			defaultConfigurationName = Release;
		};
		EA8CE72922C5A4E600E24324 /* Build configuration list for PBXNativeTarget "LearningCodesTests" */ = {
			isa = XCConfigurationList;
			buildConfigurations = (
				EA8CE72A22C5A4E600E24324 /* Debug */,
				EA8CE72B22C5A4E600E24324 /* Release */,
			);
			defaultConfigurationIsVisible = 0;
			defaultConfigurationName = Release;
		};
		EA8CE72C22C5A4E600E24324 /* Build configuration list for PBXNativeTarget "LearningCodesUITests" */ = {
			isa = XCConfigurationList;
			buildConfigurations = (
				EA8CE72D22C5A4E600E24324 /* Debug */,
				EA8CE72E22C5A4E600E24324 /* Release */,
			);
			defaultConfigurationIsVisible = 0;
			defaultConfigurationName = Release;
		};
/* End XCConfigurationList section */
	};
	rootObject = EA8CE6F222C5A4E400E24324 /* Project object */;
}
